// !$*UTF8*$!
{
	archiveVersion = 1;
	classes = {
	};
	objectVersion = 46;
	objects = {

/* Begin PBXBuildFile section */
		9B90A62E9745C8E7626EDA5B /* Pods_GetPostTest.framework in Frameworks */ = {isa = PBXBuildFile; fileRef = B784B9BABD64CDDCDCAD737C /* Pods_GetPostTest.framework */; };
		C05791811F780352008A801B /* AppDelegate.swift in Sources */ = {isa = PBXBuildFile; fileRef = C05791801F780352008A801B /* AppDelegate.swift */; };
		C05791831F780352008A801B /* TopViewController.swift in Sources */ = {isa = PBXBuildFile; fileRef = C05791821F780352008A801B /* TopViewController.swift */; };
		C05791861F780352008A801B /* Top.storyboard in Resources */ = {isa = PBXBuildFile; fileRef = C05791841F780352008A801B /* Top.storyboard */; };
		C05791881F780352008A801B /* Assets.xcassets in Resources */ = {isa = PBXBuildFile; fileRef = C05791871F780352008A801B /* Assets.xcassets */; };
		C057918B1F780352008A801B /* LaunchScreen.storyboard in Resources */ = {isa = PBXBuildFile; fileRef = C05791891F780352008A801B /* LaunchScreen.storyboard */; };
		C05791961F780352008A801B /* GetPostTestTests.swift in Sources */ = {isa = PBXBuildFile; fileRef = C05791951F780352008A801B /* GetPostTestTests.swift */; };
		C05791A11F780352008A801B /* GetPostTestUITests.swift in Sources */ = {isa = PBXBuildFile; fileRef = C05791A01F780352008A801B /* GetPostTestUITests.swift */; };
		C0E8ACB91F781B6F009670DF /* Add.storyboard in Resources */ = {isa = PBXBuildFile; fileRef = C0E8ACB81F781B6F009670DF /* Add.storyboard */; };
		C0E8ACBB1F781BA5009670DF /* Delete.storyboard in Resources */ = {isa = PBXBuildFile; fileRef = C0E8ACBA1F781BA5009670DF /* Delete.storyboard */; };
		C0E8ACBD1F781BD6009670DF /* AddViewController.swift in Sources */ = {isa = PBXBuildFile; fileRef = C0E8ACBC1F781BD6009670DF /* AddViewController.swift */; };
		C0E8ACBF1F781BEA009670DF /* DeleteViewController.swift in Sources */ = {isa = PBXBuildFile; fileRef = C0E8ACBE1F781BEA009670DF /* DeleteViewController.swift */; };
		C0E8ACC11F781E9E009670DF /* TopTableViewCell.swift in Sources */ = {isa = PBXBuildFile; fileRef = C0E8ACC01F781E9E009670DF /* TopTableViewCell.swift */; };
		CCE0A9196E8692B2B8D8D5DE /* Pods_GetPostTestTests.framework in Frameworks */ = {isa = PBXBuildFile; fileRef = BA464C6E915DEF952AF31D72 /* Pods_GetPostTestTests.framework */; };
		D50341B6664C827AB39B2004 /* Pods_GetPostTestUITests.framework in Frameworks */ = {isa = PBXBuildFile; fileRef = 5CD992D5815322C7E237DA6C /* Pods_GetPostTestUITests.framework */; };
/* End PBXBuildFile section */

/* Begin PBXContainerItemProxy section */
		C05791921F780352008A801B /* PBXContainerItemProxy */ = {
			isa = PBXContainerItemProxy;
			containerPortal = C05791751F780352008A801B /* Project object */;
			proxyType = 1;
			remoteGlobalIDString = C057917C1F780352008A801B;
			remoteInfo = GetPostTest;
		};
		C057919D1F780352008A801B /* PBXContainerItemProxy */ = {
			isa = PBXContainerItemProxy;
			containerPortal = C05791751F780352008A801B /* Project object */;
			proxyType = 1;
			remoteGlobalIDString = C057917C1F780352008A801B;
			remoteInfo = GetPostTest;
		};
/* End PBXContainerItemProxy section */

/* Begin PBXFileReference section */
		0C63B7E9ED3CA646AD72CEF4 /* Pods-GetPostTestUITests.release.xcconfig */ = {isa = PBXFileReference; includeInIndex = 1; lastKnownFileType = text.xcconfig; name = "Pods-GetPostTestUITests.release.xcconfig"; path = "Pods/Target Support Files/Pods-GetPostTestUITests/Pods-GetPostTestUITests.release.xcconfig"; sourceTree = "<group>"; };
		4D5FE4C7EA1EEA5F3A9EAB73 /* Pods-GetPostTestUITests.debug.xcconfig */ = {isa = PBXFileReference; includeInIndex = 1; lastKnownFileType = text.xcconfig; name = "Pods-GetPostTestUITests.debug.xcconfig"; path = "Pods/Target Support Files/Pods-GetPostTestUITests/Pods-GetPostTestUITests.debug.xcconfig"; sourceTree = "<group>"; };
		5CD992D5815322C7E237DA6C /* Pods_GetPostTestUITests.framework */ = {isa = PBXFileReference; explicitFileType = wrapper.framework; includeInIndex = 0; path = Pods_GetPostTestUITests.framework; sourceTree = BUILT_PRODUCTS_DIR; };
		80BA9701A24C460517AD47D6 /* Pods-GetPostTestTests.debug.xcconfig */ = {isa = PBXFileReference; includeInIndex = 1; lastKnownFileType = text.xcconfig; name = "Pods-GetPostTestTests.debug.xcconfig"; path = "Pods/Target Support Files/Pods-GetPostTestTests/Pods-GetPostTestTests.debug.xcconfig"; sourceTree = "<group>"; };
		91115E3DBCD90F56271D0EA5 /* Pods-GetPostTest.debug.xcconfig */ = {isa = PBXFileReference; includeInIndex = 1; lastKnownFileType = text.xcconfig; name = "Pods-GetPostTest.debug.xcconfig"; path = "Pods/Target Support Files/Pods-GetPostTest/Pods-GetPostTest.debug.xcconfig"; sourceTree = "<group>"; };
		B784B9BABD64CDDCDCAD737C /* Pods_GetPostTest.framework */ = {isa = PBXFileReference; explicitFileType = wrapper.framework; includeInIndex = 0; path = Pods_GetPostTest.framework; sourceTree = BUILT_PRODUCTS_DIR; };
		B9CC7BCC58CD4F5EF5A16E4F /* Pods-GetPostTest.release.xcconfig */ = {isa = PBXFileReference; includeInIndex = 1; lastKnownFileType = text.xcconfig; name = "Pods-GetPostTest.release.xcconfig"; path = "Pods/Target Support Files/Pods-GetPostTest/Pods-GetPostTest.release.xcconfig"; sourceTree = "<group>"; };
		BA464C6E915DEF952AF31D72 /* Pods_GetPostTestTests.framework */ = {isa = PBXFileReference; explicitFileType = wrapper.framework; includeInIndex = 0; path = Pods_GetPostTestTests.framework; sourceTree = BUILT_PRODUCTS_DIR; };
		C057917D1F780352008A801B /* GetPostTest.app */ = {isa = PBXFileReference; explicitFileType = wrapper.application; includeInIndex = 0; path = GetPostTest.app; sourceTree = BUILT_PRODUCTS_DIR; };
		C05791801F780352008A801B /* AppDelegate.swift */ = {isa = PBXFileReference; lastKnownFileType = sourcecode.swift; path = AppDelegate.swift; sourceTree = "<group>"; };
		C05791821F780352008A801B /* TopViewController.swift */ = {isa = PBXFileReference; lastKnownFileType = sourcecode.swift; path = TopViewController.swift; sourceTree = "<group>"; };
		C05791851F780352008A801B /* Base */ = {isa = PBXFileReference; lastKnownFileType = file.storyboard; name = Base; path = Base.lproj/Top.storyboard; sourceTree = "<group>"; };
		C05791871F780352008A801B /* Assets.xcassets */ = {isa = PBXFileReference; lastKnownFileType = folder.assetcatalog; path = Assets.xcassets; sourceTree = "<group>"; };
		C057918A1F780352008A801B /* Base */ = {isa = PBXFileReference; lastKnownFileType = file.storyboard; name = Base; path = Base.lproj/LaunchScreen.storyboard; sourceTree = "<group>"; };
		C057918C1F780352008A801B /* Info.plist */ = {isa = PBXFileReference; lastKnownFileType = text.plist.xml; path = Info.plist; sourceTree = "<group>"; };
		C05791911F780352008A801B /* GetPostTestTests.xctest */ = {isa = PBXFileReference; explicitFileType = wrapper.cfbundle; includeInIndex = 0; path = GetPostTestTests.xctest; sourceTree = BUILT_PRODUCTS_DIR; };
		C05791951F780352008A801B /* GetPostTestTests.swift */ = {isa = PBXFileReference; lastKnownFileType = sourcecode.swift; path = GetPostTestTests.swift; sourceTree = "<group>"; };
		C05791971F780352008A801B /* Info.plist */ = {isa = PBXFileReference; lastKnownFileType = text.plist.xml; path = Info.plist; sourceTree = "<group>"; };
		C057919C1F780352008A801B /* GetPostTestUITests.xctest */ = {isa = PBXFileReference; explicitFileType = wrapper.cfbundle; includeInIndex = 0; path = GetPostTestUITests.xctest; sourceTree = BUILT_PRODUCTS_DIR; };
		C05791A01F780352008A801B /* GetPostTestUITests.swift */ = {isa = PBXFileReference; lastKnownFileType = sourcecode.swift; path = GetPostTestUITests.swift; sourceTree = "<group>"; };
		C05791A21F780352008A801B /* Info.plist */ = {isa = PBXFileReference; lastKnownFileType = text.plist.xml; path = Info.plist; sourceTree = "<group>"; };
		C0E8ACB81F781B6F009670DF /* Add.storyboard */ = {isa = PBXFileReference; fileEncoding = 4; lastKnownFileType = file.storyboard; path = Add.storyboard; sourceTree = "<group>"; };
		C0E8ACBA1F781BA5009670DF /* Delete.storyboard */ = {isa = PBXFileReference; fileEncoding = 4; lastKnownFileType = file.storyboard; path = Delete.storyboard; sourceTree = "<group>"; };
		C0E8ACBC1F781BD6009670DF /* AddViewController.swift */ = {isa = PBXFileReference; fileEncoding = 4; lastKnownFileType = sourcecode.swift; path = AddViewController.swift; sourceTree = "<group>"; };
		C0E8ACBE1F781BEA009670DF /* DeleteViewController.swift */ = {isa = PBXFileReference; fileEncoding = 4; lastKnownFileType = sourcecode.swift; path = DeleteViewController.swift; sourceTree = "<group>"; };
		C0E8ACC01F781E9E009670DF /* TopTableViewCell.swift */ = {isa = PBXFileReference; fileEncoding = 4; lastKnownFileType = sourcecode.swift; path = TopTableViewCell.swift; sourceTree = "<group>"; };
		C432B8BDD6F929D5B43A7630 /* Pods-GetPostTestTests.release.xcconfig */ = {isa = PBXFileReference; includeInIndex = 1; lastKnownFileType = text.xcconfig; name = "Pods-GetPostTestTests.release.xcconfig"; path = "Pods/Target Support Files/Pods-GetPostTestTests/Pods-GetPostTestTests.release.xcconfig"; sourceTree = "<group>"; };
/* End PBXFileReference section */

/* Begin PBXFrameworksBuildPhase section */
		C057917A1F780352008A801B /* Frameworks */ = {
			isa = PBXFrameworksBuildPhase;
			buildActionMask = 2147483647;
			files = (
				9B90A62E9745C8E7626EDA5B /* Pods_GetPostTest.framework in Frameworks */,
			);
			runOnlyForDeploymentPostprocessing = 0;
		};
		C057918E1F780352008A801B /* Frameworks */ = {
			isa = PBXFrameworksBuildPhase;
			buildActionMask = 2147483647;
			files = (
				CCE0A9196E8692B2B8D8D5DE /* Pods_GetPostTestTests.framework in Frameworks */,
			);
			runOnlyForDeploymentPostprocessing = 0;
		};
		C05791991F780352008A801B /* Frameworks */ = {
			isa = PBXFrameworksBuildPhase;
			buildActionMask = 2147483647;
			files = (
				D50341B6664C827AB39B2004 /* Pods_GetPostTestUITests.framework in Frameworks */,
			);
			runOnlyForDeploymentPostprocessing = 0;
		};
/* End PBXFrameworksBuildPhase section */

/* Begin PBXGroup section */
		44D456B447889DB5D2BBCCFF /* Pods */ = {
			isa = PBXGroup;
			children = (
				91115E3DBCD90F56271D0EA5 /* Pods-GetPostTest.debug.xcconfig */,
				B9CC7BCC58CD4F5EF5A16E4F /* Pods-GetPostTest.release.xcconfig */,
				80BA9701A24C460517AD47D6 /* Pods-GetPostTestTests.debug.xcconfig */,
				C432B8BDD6F929D5B43A7630 /* Pods-GetPostTestTests.release.xcconfig */,
				4D5FE4C7EA1EEA5F3A9EAB73 /* Pods-GetPostTestUITests.debug.xcconfig */,
				0C63B7E9ED3CA646AD72CEF4 /* Pods-GetPostTestUITests.release.xcconfig */,
			);
			name = Pods;
			sourceTree = "<group>";
		};
		75F690D59BCD561779936691 /* Frameworks */ = {
			isa = PBXGroup;
			children = (
				B784B9BABD64CDDCDCAD737C /* Pods_GetPostTest.framework */,
				BA464C6E915DEF952AF31D72 /* Pods_GetPostTestTests.framework */,
				5CD992D5815322C7E237DA6C /* Pods_GetPostTestUITests.framework */,
			);
			name = Frameworks;
			sourceTree = "<group>";
		};
		C05791741F780352008A801B = {
			isa = PBXGroup;
			children = (
				C057917F1F780352008A801B /* GetPostTest */,
				C05791941F780352008A801B /* GetPostTestTests */,
				C057919F1F780352008A801B /* GetPostTestUITests */,
				C057917E1F780352008A801B /* Products */,
				44D456B447889DB5D2BBCCFF /* Pods */,
				75F690D59BCD561779936691 /* Frameworks */,
			);
			sourceTree = "<group>";
		};
		C057917E1F780352008A801B /* Products */ = {
			isa = PBXGroup;
			children = (
				C057917D1F780352008A801B /* GetPostTest.app */,
				C05791911F780352008A801B /* GetPostTestTests.xctest */,
				C057919C1F780352008A801B /* GetPostTestUITests.xctest */,
			);
			name = Products;
			sourceTree = "<group>";
		};
		C057917F1F780352008A801B /* GetPostTest */ = {
			isa = PBXGroup;
			children = (
				C05791801F780352008A801B /* AppDelegate.swift */,
				C0E8ACC21F781EAD009670DF /* Top */,
				C0E8ACC31F781ED7009670DF /* Add */,
				C0E8ACC41F781F11009670DF /* Delete */,
				C05791871F780352008A801B /* Assets.xcassets */,
				C05791891F780352008A801B /* LaunchScreen.storyboard */,
				C057918C1F780352008A801B /* Info.plist */,
			);
			path = GetPostTest;
			sourceTree = "<group>";
		};
		C05791941F780352008A801B /* GetPostTestTests */ = {
			isa = PBXGroup;
			children = (
				C05791951F780352008A801B /* GetPostTestTests.swift */,
				C05791971F780352008A801B /* Info.plist */,
			);
			path = GetPostTestTests;
			sourceTree = "<group>";
		};
		C057919F1F780352008A801B /* GetPostTestUITests */ = {
			isa = PBXGroup;
			children = (
				C05791A01F780352008A801B /* GetPostTestUITests.swift */,
				C05791A21F780352008A801B /* Info.plist */,
			);
			path = GetPostTestUITests;
			sourceTree = "<group>";
		};
		C0E8ACC21F781EAD009670DF /* Top */ = {
			isa = PBXGroup;
			children = (
				C05791841F780352008A801B /* Top.storyboard */,
				C05791821F780352008A801B /* TopViewController.swift */,
				C0E8ACC01F781E9E009670DF /* TopTableViewCell.swift */,
			);
			name = Top;
			sourceTree = "<group>";
		};
		C0E8ACC31F781ED7009670DF /* Add */ = {
			isa = PBXGroup;
			children = (
				C0E8ACB81F781B6F009670DF /* Add.storyboard */,
				C0E8ACBC1F781BD6009670DF /* AddViewController.swift */,
			);
			name = Add;
			sourceTree = "<group>";
		};
		C0E8ACC41F781F11009670DF /* Delete */ = {
			isa = PBXGroup;
			children = (
				C0E8ACBA1F781BA5009670DF /* Delete.storyboard */,
				C0E8ACBE1F781BEA009670DF /* DeleteViewController.swift */,
			);
			name = Delete;
			sourceTree = "<group>";
		};
/* End PBXGroup section */

/* Begin PBXNativeTarget section */
		C057917C1F780352008A801B /* GetPostTest */ = {
			isa = PBXNativeTarget;
			buildConfigurationList = C05791A51F780352008A801B /* Build configuration list for PBXNativeTarget "GetPostTest" */;
			buildPhases = (
				656E4E596C02946683798287 /* [CP] Check Pods Manifest.lock */,
				C05791791F780352008A801B /* Sources */,
				C057917A1F780352008A801B /* Frameworks */,
				C057917B1F780352008A801B /* Resources */,
				EF1A79A20D1C27A145BEBA7E /* [CP] Embed Pods Frameworks */,
				46385610BF1FFFA686F79B16 /* [CP] Copy Pods Resources */,
			);
			buildRules = (
			);
			dependencies = (
			);
			name = GetPostTest;
			productName = GetPostTest;
			productReference = C057917D1F780352008A801B /* GetPostTest.app */;
			productType = "com.apple.product-type.application";
		};
		C05791901F780352008A801B /* GetPostTestTests */ = {
			isa = PBXNativeTarget;
			buildConfigurationList = C05791A81F780352008A801B /* Build configuration list for PBXNativeTarget "GetPostTestTests" */;
			buildPhases = (
				32D722DE803120C89103C770 /* [CP] Check Pods Manifest.lock */,
				C057918D1F780352008A801B /* Sources */,
				C057918E1F780352008A801B /* Frameworks */,
				C057918F1F780352008A801B /* Resources */,
				BC561F60F98516060E93C84E /* [CP] Embed Pods Frameworks */,
				AD3B91D6D1D19CFAEC392D78 /* [CP] Copy Pods Resources */,
			);
			buildRules = (
			);
			dependencies = (
				C05791931F780352008A801B /* PBXTargetDependency */,
			);
			name = GetPostTestTests;
			productName = GetPostTestTests;
			productReference = C05791911F780352008A801B /* GetPostTestTests.xctest */;
			productType = "com.apple.product-type.bundle.unit-test";
		};
		C057919B1F780352008A801B /* GetPostTestUITests */ = {
			isa = PBXNativeTarget;
			buildConfigurationList = C05791AB1F780352008A801B /* Build configuration list for PBXNativeTarget "GetPostTestUITests" */;
			buildPhases = (
				FE27B58F5AD98ABD29A4C0F2 /* [CP] Check Pods Manifest.lock */,
				C05791981F780352008A801B /* Sources */,
				C05791991F780352008A801B /* Frameworks */,
				C057919A1F780352008A801B /* Resources */,
				6CD68B4EB89BDDD6F54455FA /* [CP] Embed Pods Frameworks */,
				6837C0048163CC98E87DC912 /* [CP] Copy Pods Resources */,
			);
			buildRules = (
			);
			dependencies = (
				C057919E1F780352008A801B /* PBXTargetDependency */,
			);
			name = GetPostTestUITests;
			productName = GetPostTestUITests;
			productReference = C057919C1F780352008A801B /* GetPostTestUITests.xctest */;
			productType = "com.apple.product-type.bundle.ui-testing";
		};
/* End PBXNativeTarget section */

/* Begin PBXProject section */
		C05791751F780352008A801B /* Project object */ = {
			isa = PBXProject;
			attributes = {
				LastSwiftUpdateCheck = 0830;
				LastUpgradeCheck = 0830;
				ORGANIZATIONNAME = "Atsuo Yonehara";
				TargetAttributes = {
					C057917C1F780352008A801B = {
						CreatedOnToolsVersion = 8.3.3;
						DevelopmentTeam = Z793E54W8T;
						ProvisioningStyle = Automatic;
					};
					C05791901F780352008A801B = {
						CreatedOnToolsVersion = 8.3.3;
						DevelopmentTeam = Z793E54W8T;
						ProvisioningStyle = Automatic;
						TestTargetID = C057917C1F780352008A801B;
					};
					C057919B1F780352008A801B = {
						CreatedOnToolsVersion = 8.3.3;
						DevelopmentTeam = Z793E54W8T;
						ProvisioningStyle = Automatic;
						TestTargetID = C057917C1F780352008A801B;
					};
				};
			};
			buildConfigurationList = C05791781F780352008A801B /* Build configuration list for PBXProject "GetPostTest" */;
			compatibilityVersion = "Xcode 3.2";
			developmentRegion = English;
			hasScannedForEncodings = 0;
			knownRegions = (
				en,
				Base,
			);
			mainGroup = C05791741F780352008A801B;
			productRefGroup = C057917E1F780352008A801B /* Products */;
			projectDirPath = "";
			projectRoot = "";
			targets = (
				C057917C1F780352008A801B /* GetPostTest */,
				C05791901F780352008A801B /* GetPostTestTests */,
				C057919B1F780352008A801B /* GetPostTestUITests */,
			);
		};
/* End PBXProject section */

/* Begin PBXResourcesBuildPhase section */
		C057917B1F780352008A801B /* Resources */ = {
			isa = PBXResourcesBuildPhase;
			buildActionMask = 2147483647;
			files = (
				C057918B1F780352008A801B /* LaunchScreen.storyboard in Resources */,
				C05791881F780352008A801B /* Assets.xcassets in Resources */,
				C0E8ACB91F781B6F009670DF /* Add.storyboard in Resources */,
				C0E8ACBB1F781BA5009670DF /* Delete.storyboard in Resources */,
				C05791861F780352008A801B /* Top.storyboard in Resources */,
			);
			runOnlyForDeploymentPostprocessing = 0;
		};
		C057918F1F780352008A801B /* Resources */ = {
			isa = PBXResourcesBuildPhase;
			buildActionMask = 2147483647;
			files = (
			);
			runOnlyForDeploymentPostprocessing = 0;
		};
		C057919A1F780352008A801B /* Resources */ = {
			isa = PBXResourcesBuildPhase;
			buildActionMask = 2147483647;
			files = (
			);
			runOnlyForDeploymentPostprocessing = 0;
		};
/* End PBXResourcesBuildPhase section */

/* Begin PBXShellScriptBuildPhase section */
		32D722DE803120C89103C770 /* [CP] Check Pods Manifest.lock */ = {
			isa = PBXShellScriptBuildPhase;
			buildActionMask = 2147483647;
			files = (
			);
			inputPaths = (
				"${PODS_PODFILE_DIR_PATH}/Podfile.lock",
				"${PODS_ROOT}/Manifest.lock",
			);
			name = "[CP] Check Pods Manifest.lock";
			outputPaths = (
				"$(DERIVED_FILE_DIR)/Pods-GetPostTestTests-checkManifestLockResult.txt",
			);
			runOnlyForDeploymentPostprocessing = 0;
			shellPath = /bin/sh;
			shellScript = "diff \"${PODS_PODFILE_DIR_PATH}/Podfile.lock\" \"${PODS_ROOT}/Manifest.lock\" > /dev/null\nif [ $? != 0 ] ; then\n    # print error to STDERR\n    echo \"error: The sandbox is not in sync with the Podfile.lock. Run 'pod install' or update your CocoaPods installation.\" >&2\n    exit 1\nfi\n# This output is used by Xcode 'outputs' to avoid re-running this script phase.\necho \"SUCCESS\" > \"${SCRIPT_OUTPUT_FILE_0}\"\n";
			showEnvVarsInLog = 0;
		};
		46385610BF1FFFA686F79B16 /* [CP] Copy Pods Resources */ = {
			isa = PBXShellScriptBuildPhase;
			buildActionMask = 2147483647;
			files = (
			);
			inputPaths = (
			);
			name = "[CP] Copy Pods Resources";
			outputPaths = (
			);
			runOnlyForDeploymentPostprocessing = 0;
			shellPath = /bin/sh;
			shellScript = "\"${SRCROOT}/Pods/Target Support Files/Pods-GetPostTest/Pods-GetPostTest-resources.sh\"\n";
			showEnvVarsInLog = 0;
		};
		656E4E596C02946683798287 /* [CP] Check Pods Manifest.lock */ = {
			isa = PBXShellScriptBuildPhase;
			buildActionMask = 2147483647;
			files = (
			);
			inputPaths = (
				"${PODS_PODFILE_DIR_PATH}/Podfile.lock",
				"${PODS_ROOT}/Manifest.lock",
			);
			name = "[CP] Check Pods Manifest.lock";
			outputPaths = (
				"$(DERIVED_FILE_DIR)/Pods-GetPostTest-checkManifestLockResult.txt",
			);
			runOnlyForDeploymentPostprocessing = 0;
			shellPath = /bin/sh;
			shellScript = "diff \"${PODS_PODFILE_DIR_PATH}/Podfile.lock\" \"${PODS_ROOT}/Manifest.lock\" > /dev/null\nif [ $? != 0 ] ; then\n    # print error to STDERR\n    echo \"error: The sandbox is not in sync with the Podfile.lock. Run 'pod install' or update your CocoaPods installation.\" >&2\n    exit 1\nfi\n# This output is used by Xcode 'outputs' to avoid re-running this script phase.\necho \"SUCCESS\" > \"${SCRIPT_OUTPUT_FILE_0}\"\n";
			showEnvVarsInLog = 0;
		};
		6837C0048163CC98E87DC912 /* [CP] Copy Pods Resources */ = {
			isa = PBXShellScriptBuildPhase;
			buildActionMask = 2147483647;
			files = (
			);
			inputPaths = (
			);
			name = "[CP] Copy Pods Resources";
			outputPaths = (
			);
			runOnlyForDeploymentPostprocessing = 0;
			shellPath = /bin/sh;
			shellScript = "\"${SRCROOT}/Pods/Target Support Files/Pods-GetPostTestUITests/Pods-GetPostTestUITests-resources.sh\"\n";
			showEnvVarsInLog = 0;
		};
		6CD68B4EB89BDDD6F54455FA /* [CP] Embed Pods Frameworks */ = {
			isa = PBXShellScriptBuildPhase;
			buildActionMask = 2147483647;
			files = (
			);
			inputPaths = (
			);
			name = "[CP] Embed Pods Frameworks";
			outputPaths = (
			);
			runOnlyForDeploymentPostprocessing = 0;
			shellPath = /bin/sh;
			shellScript = "\"${SRCROOT}/Pods/Target Support Files/Pods-GetPostTestUITests/Pods-GetPostTestUITests-frameworks.sh\"\n";
			showEnvVarsInLog = 0;
		};
		AD3B91D6D1D19CFAEC392D78 /* [CP] Copy Pods Resources */ = {
			isa = PBXShellScriptBuildPhase;
			buildActionMask = 2147483647;
			files = (
			);
			inputPaths = (
			);
			name = "[CP] Copy Pods Resources";
			outputPaths = (
			);
			runOnlyForDeploymentPostprocessing = 0;
			shellPath = /bin/sh;
			shellScript = "\"${SRCROOT}/Pods/Target Support Files/Pods-GetPostTestTests/Pods-GetPostTestTests-resources.sh\"\n";
			showEnvVarsInLog = 0;
		};
		BC561F60F98516060E93C84E /* [CP] Embed Pods Frameworks */ = {
			isa = PBXShellScriptBuildPhase;
			buildActionMask = 2147483647;
			files = (
			);
			inputPaths = (
			);
			name = "[CP] Embed Pods Frameworks";
			outputPaths = (
			);
			runOnlyForDeploymentPostprocessing = 0;
			shellPath = /bin/sh;
			shellScript = "\"${SRCROOT}/Pods/Target Support Files/Pods-GetPostTestTests/Pods-GetPostTestTests-frameworks.sh\"\n";
			showEnvVarsInLog = 0;
		};
		EF1A79A20D1C27A145BEBA7E /* [CP] Embed Pods Frameworks */ = {
			isa = PBXShellScriptBuildPhase;
			buildActionMask = 2147483647;
			files = (
			);
			inputPaths = (
				"${SRCROOT}/Pods/Target Support Files/Pods-GetPostTest/Pods-GetPostTest-frameworks.sh",
				"${BUILT_PRODUCTS_DIR}/Alamofire/Alamofire.framework",
				"${BUILT_PRODUCTS_DIR}/SwiftyJSON/SwiftyJSON.framework",
			);
			name = "[CP] Embed Pods Frameworks";
			outputPaths = (
				"${TARGET_BUILD_DIR}/${FRAMEWORKS_FOLDER_PATH}/Alamofire.framework",
				"${TARGET_BUILD_DIR}/${FRAMEWORKS_FOLDER_PATH}/SwiftyJSON.framework",
			);
			runOnlyForDeploymentPostprocessing = 0;
			shellPath = /bin/sh;
			shellScript = "\"${SRCROOT}/Pods/Target Support Files/Pods-GetPostTest/Pods-GetPostTest-frameworks.sh\"\n";
			showEnvVarsInLog = 0;
		};
		FE27B58F5AD98ABD29A4C0F2 /* [CP] Check Pods Manifest.lock */ = {
			isa = PBXShellScriptBuildPhase;
			buildActionMask = 2147483647;
			files = (
			);
			inputPaths = (
				"${PODS_PODFILE_DIR_PATH}/Podfile.lock",
				"${PODS_ROOT}/Manifest.lock",
			);
			name = "[CP] Check Pods Manifest.lock";
			outputPaths = (
				"$(DERIVED_FILE_DIR)/Pods-GetPostTestUITests-checkManifestLockResult.txt",
			);
			runOnlyForDeploymentPostprocessing = 0;
			shellPath = /bin/sh;
			shellScript = "diff \"${PODS_PODFILE_DIR_PATH}/Podfile.lock\" \"${PODS_ROOT}/Manifest.lock\" > /dev/null\nif [ $? != 0 ] ; then\n    # print error to STDERR\n    echo \"error: The sandbox is not in sync with the Podfile.lock. Run 'pod install' or update your CocoaPods installation.\" >&2\n    exit 1\nfi\n# This output is used by Xcode 'outputs' to avoid re-running this script phase.\necho \"SUCCESS\" > \"${SCRIPT_OUTPUT_FILE_0}\"\n";
			showEnvVarsInLog = 0;
		};
/* End PBXShellScriptBuildPhase section */

/* Begin PBXSourcesBuildPhase section */
		C05791791F780352008A801B /* Sources */ = {
			isa = PBXSourcesBuildPhase;
			buildActionMask = 2147483647;
			files = (
				C05791831F780352008A801B /* TopViewController.swift in Sources */,
				C0E8ACC11F781E9E009670DF /* TopTableViewCell.swift in Sources */,
				C05791811F780352008A801B /* AppDelegate.swift in Sources */,
				C0E8ACBD1F781BD6009670DF /* AddViewController.swift in Sources */,
				C0E8ACBF1F781BEA009670DF /* DeleteViewController.swift in Sources */,
			);
			runOnlyForDeploymentPostprocessing = 0;
		};
		C057918D1F780352008A801B /* Sources */ = {
			isa = PBXSourcesBuildPhase;
			buildActionMask = 2147483647;
			files = (
				C05791961F780352008A801B /* GetPostTestTests.swift in Sources */,
			);
			runOnlyForDeploymentPostprocessing = 0;
		};
		C05791981F780352008A801B /* Sources */ = {
			isa = PBXSourcesBuildPhase;
			buildActionMask = 2147483647;
			files = (
				C05791A11F780352008A801B /* GetPostTestUITests.swift in Sources */,
			);
			runOnlyForDeploymentPostprocessing = 0;
		};
/* End PBXSourcesBuildPhase section */

/* Begin PBXTargetDependency section */
		C05791931F780352008A801B /* PBXTargetDependency */ = {
			isa = PBXTargetDependency;
			target = C057917C1F780352008A801B /* GetPostTest */;
			targetProxy = C05791921F780352008A801B /* PBXContainerItemProxy */;
		};
		C057919E1F780352008A801B /* PBXTargetDependency */ = {
			isa = PBXTargetDependency;
			target = C057917C1F780352008A801B /* GetPostTest */;
			targetProxy = C057919D1F780352008A801B /* PBXContainerItemProxy */;
		};
/* End PBXTargetDependency section */

/* Begin PBXVariantGroup section */
		C05791841F780352008A801B /* Top.storyboard */ = {
			isa = PBXVariantGroup;
			children = (
				C05791851F780352008A801B /* Base */,
			);
			name = Top.storyboard;
			sourceTree = "<group>";
		};
		C05791891F780352008A801B /* LaunchScreen.storyboard */ = {
			isa = PBXVariantGroup;
			children = (
				C057918A1F780352008A801B /* Base */,
			);
			name = LaunchScreen.storyboard;
			sourceTree = "<group>";
		};
/* End PBXVariantGroup section */

/* Begin XCBuildConfiguration section */
		C05791A31F780352008A801B /* Debug */ = {
			isa = XCBuildConfiguration;
			buildSettings = {
				ALWAYS_SEARCH_USER_PATHS = NO;
				CLANG_ANALYZER_NONNULL = YES;
				CLANG_ANALYZER_NUMBER_OBJECT_CONVERSION = YES_AGGRESSIVE;
				CLANG_CXX_LANGUAGE_STANDARD = "gnu++0x";
				CLANG_CXX_LIBRARY = "libc++";
				CLANG_ENABLE_MODULES = YES;
				CLANG_ENABLE_OBJC_ARC = YES;
				CLANG_WARN_BOOL_CONVERSION = YES;
				CLANG_WARN_CONSTANT_CONVERSION = YES;
				CLANG_WARN_DIRECT_OBJC_ISA_USAGE = YES_ERROR;
				CLANG_WARN_DOCUMENTATION_COMMENTS = YES;
				CLANG_WARN_EMPTY_BODY = YES;
				CLANG_WARN_ENUM_CONVERSION = YES;
				CLANG_WARN_INFINITE_RECURSION = YES;
				CLANG_WARN_INT_CONVERSION = YES;
				CLANG_WARN_OBJC_ROOT_CLASS = YES_ERROR;
				CLANG_WARN_SUSPICIOUS_MOVE = YES;
				CLANG_WARN_UNREACHABLE_CODE = YES;
				CLANG_WARN__DUPLICATE_METHOD_MATCH = YES;
				"CODE_SIGN_IDENTITY[sdk=iphoneos*]" = "iPhone Developer";
				COPY_PHASE_STRIP = NO;
				DEBUG_INFORMATION_FORMAT = dwarf;
				ENABLE_STRICT_OBJC_MSGSEND = YES;
				ENABLE_TESTABILITY = YES;
				GCC_C_LANGUAGE_STANDARD = gnu99;
				GCC_DYNAMIC_NO_PIC = NO;
				GCC_NO_COMMON_BLOCKS = YES;
				GCC_OPTIMIZATION_LEVEL = 0;
				GCC_PREPROCESSOR_DEFINITIONS = (
					"DEBUG=1",
					"$(inherited)",
				);
				GCC_WARN_64_TO_32_BIT_CONVERSION = YES;
				GCC_WARN_ABOUT_RETURN_TYPE = YES_ERROR;
				GCC_WARN_UNDECLARED_SELECTOR = YES;
				GCC_WARN_UNINITIALIZED_AUTOS = YES_AGGRESSIVE;
				GCC_WARN_UNUSED_FUNCTION = YES;
				GCC_WARN_UNUSED_VARIABLE = YES;
				IPHONEOS_DEPLOYMENT_TARGET = 10.3;
				MTL_ENABLE_DEBUG_INFO = YES;
				ONLY_ACTIVE_ARCH = YES;
				SDKROOT = iphoneos;
				SWIFT_ACTIVE_COMPILATION_CONDITIONS = DEBUG;
				SWIFT_OPTIMIZATION_LEVEL = "-Onone";
			};
			name = Debug;
		};
		C05791A41F780352008A801B /* Release */ = {
			isa = XCBuildConfiguration;
			buildSettings = {
				ALWAYS_SEARCH_USER_PATHS = NO;
				CLANG_ANALYZER_NONNULL = YES;
				CLANG_ANALYZER_NUMBER_OBJECT_CONVERSION = YES_AGGRESSIVE;
				CLANG_CXX_LANGUAGE_STANDARD = "gnu++0x";
				CLANG_CXX_LIBRARY = "libc++";
				CLANG_ENABLE_MODULES = YES;
				CLANG_ENABLE_OBJC_ARC = YES;
				CLANG_WARN_BOOL_CONVERSION = YES;
				CLANG_WARN_CONSTANT_CONVERSION = YES;
				CLANG_WARN_DIRECT_OBJC_ISA_USAGE = YES_ERROR;
				CLANG_WARN_DOCUMENTATION_COMMENTS = YES;
				CLANG_WARN_EMPTY_BODY = YES;
				CLANG_WARN_ENUM_CONVERSION = YES;
				CLANG_WARN_INFINITE_RECURSION = YES;
				CLANG_WARN_INT_CONVERSION = YES;
				CLANG_WARN_OBJC_ROOT_CLASS = YES_ERROR;
				CLANG_WARN_SUSPICIOUS_MOVE = YES;
				CLANG_WARN_UNREACHABLE_CODE = YES;
				CLANG_WARN__DUPLICATE_METHOD_MATCH = YES;
				"CODE_SIGN_IDENTITY[sdk=iphoneos*]" = "iPhone Developer";
				COPY_PHASE_STRIP = NO;
				DEBUG_INFORMATION_FORMAT = "dwarf-with-dsym";
				ENABLE_NS_ASSERTIONS = NO;
				ENABLE_STRICT_OBJC_MSGSEND = YES;
				GCC_C_LANGUAGE_STANDARD = gnu99;
				GCC_NO_COMMON_BLOCKS = YES;
				GCC_WARN_64_TO_32_BIT_CONVERSION = YES;
				GCC_WARN_ABOUT_RETURN_TYPE = YES_ERROR;
				GCC_WARN_UNDECLARED_SELECTOR = YES;
				GCC_WARN_UNINITIALIZED_AUTOS = YES_AGGRESSIVE;
				GCC_WARN_UNUSED_FUNCTION = YES;
				GCC_WARN_UNUSED_VARIABLE = YES;
				IPHONEOS_DEPLOYMENT_TARGET = 10.3;
				MTL_ENABLE_DEBUG_INFO = NO;
				SDKROOT = iphoneos;
				SWIFT_OPTIMIZATION_LEVEL = "-Owholemodule";
				VALIDATE_PRODUCT = YES;
			};
			name = Release;
		};
		C05791A61F780352008A801B /* Debug */ = {
			isa = XCBuildConfiguration;
			baseConfigurationReference = 91115E3DBCD90F56271D0EA5 /* Pods-GetPostTest.debug.xcconfig */;
			buildSettings = {
				ASSETCATALOG_COMPILER_APPICON_NAME = AppIcon;
				DEVELOPMENT_TEAM = Z793E54W8T;
				INFOPLIST_FILE = GetPostTest/Info.plist;
				LD_RUNPATH_SEARCH_PATHS = "$(inherited) @executable_path/Frameworks";
				PRODUCT_BUNDLE_IDENTIFIER = cps.GetPostTest;
				PRODUCT_NAME = "$(TARGET_NAME)";
				SWIFT_VERSION = 3.0;
			};
			name = Debug;
		};
		C05791A71F780352008A801B /* Release */ = {
			isa = XCBuildConfiguration;
			baseConfigurationReference = B9CC7BCC58CD4F5EF5A16E4F /* Pods-GetPostTest.release.xcconfig */;
			buildSettings = {
				ASSETCATALOG_COMPILER_APPICON_NAME = AppIcon;
				DEVELOPMENT_TEAM = Z793E54W8T;
				INFOPLIST_FILE = GetPostTest/Info.plist;
				LD_RUNPATH_SEARCH_PATHS = "$(inherited) @executable_path/Frameworks";
				PRODUCT_BUNDLE_IDENTIFIER = cps.GetPostTest;
				PRODUCT_NAME = "$(TARGET_NAME)";
				SWIFT_VERSION = 3.0;
			};
			name = Release;
		};
		C05791A91F780352008A801B /* Debug */ = {
			isa = XCBuildConfiguration;
			baseConfigurationReference = 80BA9701A24C460517AD47D6 /* Pods-GetPostTestTests.debug.xcconfig */;
			buildSettings = {
				ALWAYS_EMBED_SWIFT_STANDARD_LIBRARIES = YES;
				BUNDLE_LOADER = "$(TEST_HOST)";
				DEVELOPMENT_TEAM = Z793E54W8T;
				INFOPLIST_FILE = GetPostTestTests/Info.plist;
				LD_RUNPATH_SEARCH_PATHS = "$(inherited) @executable_path/Frameworks @loader_path/Frameworks";
				PRODUCT_BUNDLE_IDENTIFIER = cps.GetPostTestTests;
				PRODUCT_NAME = "$(TARGET_NAME)";
				SWIFT_VERSION = 3.0;
				TEST_HOST = "$(BUILT_PRODUCTS_DIR)/GetPostTest.app/GetPostTest";
			};
			name = Debug;
		};
		C05791AA1F780352008A801B /* Release */ = {
			isa = XCBuildConfiguration;
			baseConfigurationReference = C432B8BDD6F929D5B43A7630 /* Pods-GetPostTestTests.release.xcconfig */;
			buildSettings = {
				ALWAYS_EMBED_SWIFT_STANDARD_LIBRARIES = YES;
				BUNDLE_LOADER = "$(TEST_HOST)";
				DEVELOPMENT_TEAM = Z793E54W8T;
				INFOPLIST_FILE = GetPostTestTests/Info.plist;
				LD_RUNPATH_SEARCH_PATHS = "$(inherited) @executable_path/Frameworks @loader_path/Frameworks";
				PRODUCT_BUNDLE_IDENTIFIER = cps.GetPostTestTests;
				PRODUCT_NAME = "$(TARGET_NAME)";
				SWIFT_VERSION = 3.0;
				TEST_HOST = "$(BUILT_PRODUCTS_DIR)/GetPostTest.app/GetPostTest";
			};
			name = Release;
		};
		C05791AC1F780352008A801B /* Debug */ = {
			isa = XCBuildConfiguration;
			baseConfigurationReference = 4D5FE4C7EA1EEA5F3A9EAB73 /* Pods-GetPostTestUITests.debug.xcconfig */;
			buildSettings = {
				ALWAYS_EMBED_SWIFT_STANDARD_LIBRARIES = YES;
				DEVELOPMENT_TEAM = Z793E54W8T;
				INFOPLIST_FILE = GetPostTestUITests/Info.plist;
				LD_RUNPATH_SEARCH_PATHS = "$(inherited) @executable_path/Frameworks @loader_path/Frameworks";
				PRODUCT_BUNDLE_IDENTIFIER = cps.GetPostTestUITests;
				PRODUCT_NAME = "$(TARGET_NAME)";
				SWIFT_VERSION = 3.0;
				TEST_TARGET_NAME = GetPostTest;
			};
			name = Debug;
		};
		C05791AD1F780352008A801B /* Release */ = {
			isa = XCBuildConfiguration;
			baseConfigurationReference = 0C63B7E9ED3CA646AD72CEF4 /* Pods-GetPostTestUITests.release.xcconfig */;
			buildSettings = {
				ALWAYS_EMBED_SWIFT_STANDARD_LIBRARIES = YES;
				DEVELOPMENT_TEAM = Z793E54W8T;
				INFOPLIST_FILE = GetPostTestUITests/Info.plist;
				LD_RUNPATH_SEARCH_PATHS = "$(inherited) @executable_path/Frameworks @loader_path/Frameworks";
				PRODUCT_BUNDLE_IDENTIFIER = cps.GetPostTestUITests;
				PRODUCT_NAME = "$(TARGET_NAME)";
				SWIFT_VERSION = 3.0;
				TEST_TARGET_NAME = GetPostTest;
			};
			name = Release;
		};
/* End XCBuildConfiguration section */

/* Begin XCConfigurationList section */
		C05791781F780352008A801B /* Build configuration list for PBXProject "GetPostTest" */ = {
			isa = XCConfigurationList;
			buildConfigurations = (
				C05791A31F780352008A801B /* Debug */,
				C05791A41F780352008A801B /* Release */,
			);
			defaultConfigurationIsVisible = 0;
			defaultConfigurationName = Release;
		};
		C05791A51F780352008A801B /* Build configuration list for PBXNativeTarget "GetPostTest" */ = {
			isa = XCConfigurationList;
			buildConfigurations = (
				C05791A61F780352008A801B /* Debug */,
				C05791A71F780352008A801B /* Release */,
			);
			defaultConfigurationIsVisible = 0;
			defaultConfigurationName = Release;
		};
		C05791A81F780352008A801B /* Build configuration list for PBXNativeTarget "GetPostTestTests" */ = {
			isa = XCConfigurationList;
			buildConfigurations = (
				C05791A91F780352008A801B /* Debug */,
				C05791AA1F780352008A801B /* Release */,
			);
			defaultConfigurationIsVisible = 0;
			defaultConfigurationName = Release;
		};
		C05791AB1F780352008A801B /* Build configuration list for PBXNativeTarget "GetPostTestUITests" */ = {
			isa = XCConfigurationList;
			buildConfigurations = (
				C05791AC1F780352008A801B /* Debug */,
				C05791AD1F780352008A801B /* Release */,
			);
			defaultConfigurationIsVisible = 0;
			defaultConfigurationName = Release;
		};
/* End XCConfigurationList section */
	};
	rootObject = C05791751F780352008A801B /* Project object */;
}
